{
  "originHash" : "5c745156c6b5eeb51204e9a6075f5622b9451eee35270edc1040de2450cffe5a",
  "pins" : [
    {
      "identity" : "pow",
      "kind" : "remoteSourceControl",
      "location" : "https://github.com/movingparts-io/Pow",
      "state" : {
        "revision" : "cc014eba4b65f689cadc281ad925de5607f2adc9",
        "version" : "1.0.3"
      }
    }
  ],
  "version" : 3
}
